// !$*UTF8*$!
{
	archiveVersion = 1;
	classes = {
	};
	objectVersion = 50;
	objects = {

/* Begin PBXBuildFile section */
		1B07966F210578C60095FFAC /* AppDelegate.swift in Sources */ = {isa = PBXBuildFile; fileRef = 1B07966E210578C60095FFAC /* AppDelegate.swift */; };
		1B079671210578C60095FFAC /* ViewController.swift in Sources */ = {isa = PBXBuildFile; fileRef = 1B079670210578C60095FFAC /* ViewController.swift */; };
		1B079674210578C60095FFAC /* Main.storyboard in Resources */ = {isa = PBXBuildFile; fileRef = 1B079672210578C60095FFAC /* Main.storyboard */; };
		1B079677210578C60095FFAC /* Secure_Run.xcdatamodeld in Sources */ = {isa = PBXBuildFile; fileRef = 1B079675210578C60095FFAC /* Secure_Run.xcdatamodeld */; };
		1B079679210578C70095FFAC /* Assets.xcassets in Resources */ = {isa = PBXBuildFile; fileRef = 1B079678210578C70095FFAC /* Assets.xcassets */; };
		1B07967C210578C70095FFAC /* LaunchScreen.storyboard in Resources */ = {isa = PBXBuildFile; fileRef = 1B07967A210578C70095FFAC /* LaunchScreen.storyboard */; };
		1B07968421066EF60095FFAC /* ConfigViewController.swift in Sources */ = {isa = PBXBuildFile; fileRef = 1B07968321066EF60095FFAC /* ConfigViewController.swift */; };
		1B0796862107965F0095FFAC /* SettingsViewController.swift in Sources */ = {isa = PBXBuildFile; fileRef = 1B0796852107965F0095FFAC /* SettingsViewController.swift */; };
		1B0796882107E7A30095FFAC /* VoiceSettingsViewController.swift in Sources */ = {isa = PBXBuildFile; fileRef = 1B0796872107E7A30095FFAC /* VoiceSettingsViewController.swift */; };
		1B07968B210819980095FFAC /* CoreDataStack.swift in Sources */ = {isa = PBXBuildFile; fileRef = 1B07968A210819980095FFAC /* CoreDataStack.swift */; };
		1B07968E210819D90095FFAC /* SecureRun.xcdatamodeld in Sources */ = {isa = PBXBuildFile; fileRef = 1B07968C210819D90095FFAC /* SecureRun.xcdatamodeld */; };
		1B0796932108202A0095FFAC /* CoreLocation.framework in Frameworks */ = {isa = PBXBuildFile; fileRef = 1B0796922108202A0095FFAC /* CoreLocation.framework */; };
		1B079695210820790095FFAC /* LocationManager.swift in Sources */ = {isa = PBXBuildFile; fileRef = 1B079694210820790095FFAC /* LocationManager.swift */; };
		1B079697210820D50095FFAC /* UnitExtensions.swift in Sources */ = {isa = PBXBuildFile; fileRef = 1B079696210820D50095FFAC /* UnitExtensions.swift */; };
		1B079699210821210095FFAC /* FormatDisplay.swift in Sources */ = {isa = PBXBuildFile; fileRef = 1B079698210821210095FFAC /* FormatDisplay.swift */; };
/* End PBXBuildFile section */

/* Begin PBXFileReference section */
		1B07966B210578C60095FFAC /* Secure Run.app */ = {isa = PBXFileReference; explicitFileType = wrapper.application; includeInIndex = 0; path = "Secure Run.app"; sourceTree = BUILT_PRODUCTS_DIR; };
		1B07966E210578C60095FFAC /* AppDelegate.swift */ = {isa = PBXFileReference; lastKnownFileType = sourcecode.swift; path = AppDelegate.swift; sourceTree = "<group>"; };
		1B079670210578C60095FFAC /* ViewController.swift */ = {isa = PBXFileReference; lastKnownFileType = sourcecode.swift; path = ViewController.swift; sourceTree = "<group>"; };
		1B079673210578C60095FFAC /* Base */ = {isa = PBXFileReference; lastKnownFileType = file.storyboard; name = Base; path = Base.lproj/Main.storyboard; sourceTree = "<group>"; };
		1B079676210578C60095FFAC /* Secure_Run.xcdatamodel */ = {isa = PBXFileReference; lastKnownFileType = wrapper.xcdatamodel; path = Secure_Run.xcdatamodel; sourceTree = "<group>"; };
		1B079678210578C70095FFAC /* Assets.xcassets */ = {isa = PBXFileReference; lastKnownFileType = folder.assetcatalog; path = Assets.xcassets; sourceTree = "<group>"; };
		1B07967B210578C70095FFAC /* Base */ = {isa = PBXFileReference; lastKnownFileType = file.storyboard; name = Base; path = Base.lproj/LaunchScreen.storyboard; sourceTree = "<group>"; };
		1B07967D210578C70095FFAC /* Info.plist */ = {isa = PBXFileReference; lastKnownFileType = text.plist.xml; path = Info.plist; sourceTree = "<group>"; };
		1B07968321066EF60095FFAC /* ConfigViewController.swift */ = {isa = PBXFileReference; lastKnownFileType = sourcecode.swift; path = ConfigViewController.swift; sourceTree = "<group>"; };
		1B0796852107965F0095FFAC /* SettingsViewController.swift */ = {isa = PBXFileReference; lastKnownFileType = sourcecode.swift; path = SettingsViewController.swift; sourceTree = "<group>"; };
		1B0796872107E7A30095FFAC /* VoiceSettingsViewController.swift */ = {isa = PBXFileReference; lastKnownFileType = sourcecode.swift; path = VoiceSettingsViewController.swift; sourceTree = "<group>"; };
		1B07968A210819980095FFAC /* CoreDataStack.swift */ = {isa = PBXFileReference; lastKnownFileType = sourcecode.swift; path = CoreDataStack.swift; sourceTree = "<group>"; };
		1B07968D210819D90095FFAC /* SecureRun.xcdatamodel */ = {isa = PBXFileReference; lastKnownFileType = wrapper.xcdatamodel; path = SecureRun.xcdatamodel; sourceTree = "<group>"; };
		1B0796922108202A0095FFAC /* CoreLocation.framework */ = {isa = PBXFileReference; lastKnownFileType = wrapper.framework; name = CoreLocation.framework; path = System/Library/Frameworks/CoreLocation.framework; sourceTree = SDKROOT; };
		1B079694210820790095FFAC /* LocationManager.swift */ = {isa = PBXFileReference; lastKnownFileType = sourcecode.swift; path = LocationManager.swift; sourceTree = "<group>"; };
		1B079696210820D50095FFAC /* UnitExtensions.swift */ = {isa = PBXFileReference; lastKnownFileType = sourcecode.swift; path = UnitExtensions.swift; sourceTree = "<group>"; };
		1B079698210821210095FFAC /* FormatDisplay.swift */ = {isa = PBXFileReference; lastKnownFileType = sourcecode.swift; path = FormatDisplay.swift; sourceTree = "<group>"; };
/* End PBXFileReference section */

/* Begin PBXFrameworksBuildPhase section */
		1B079668210578C60095FFAC /* Frameworks */ = {
			isa = PBXFrameworksBuildPhase;
			buildActionMask = 2147483647;
			files = (
				1B0796932108202A0095FFAC /* CoreLocation.framework in Frameworks */,
			);
			runOnlyForDeploymentPostprocessing = 0;
		};
/* End PBXFrameworksBuildPhase section */

/* Begin PBXGroup section */
		1B079662210578C60095FFAC = {
			isa = PBXGroup;
			children = (
				1B07966D210578C60095FFAC /* Secure Run */,
				1B079689210819770095FFAC /* CoreData */,
				1B07966C210578C60095FFAC /* Products */,
				1B07968F21081D120095FFAC /* Frameworks */,
			);
			sourceTree = "<group>";
		};
		1B07966C210578C60095FFAC /* Products */ = {
			isa = PBXGroup;
			children = (
				1B07966B210578C60095FFAC /* Secure Run.app */,
			);
			name = Products;
			sourceTree = "<group>";
		};
		1B07966D210578C60095FFAC /* Secure Run */ = {
			isa = PBXGroup;
			children = (
				1B07968321066EF60095FFAC /* ConfigViewController.swift */,
				1B07966E210578C60095FFAC /* AppDelegate.swift */,
				1B079670210578C60095FFAC /* ViewController.swift */,
				1B079672210578C60095FFAC /* Main.storyboard */,
				1B079678210578C70095FFAC /* Assets.xcassets */,
				1B07967A210578C70095FFAC /* LaunchScreen.storyboard */,
				1B07967D210578C70095FFAC /* Info.plist */,
				1B079675210578C60095FFAC /* Secure_Run.xcdatamodeld */,
				1B0796852107965F0095FFAC /* SettingsViewController.swift */,
				1B0796872107E7A30095FFAC /* VoiceSettingsViewController.swift */,
				1B079694210820790095FFAC /* LocationManager.swift */,
				1B079696210820D50095FFAC /* UnitExtensions.swift */,
				1B079698210821210095FFAC /* FormatDisplay.swift */,
			);
			path = "Secure Run";
			sourceTree = "<group>";
		};
		1B079689210819770095FFAC /* CoreData */ = {
			isa = PBXGroup;
			children = (
				1B07968A210819980095FFAC /* CoreDataStack.swift */,
				1B07968C210819D90095FFAC /* SecureRun.xcdatamodeld */,
			);
			path = CoreData;
			sourceTree = "<group>";
		};
		1B07968F21081D120095FFAC /* Frameworks */ = {
			isa = PBXGroup;
			children = (
				1B0796922108202A0095FFAC /* CoreLocation.framework */,
			);
			name = Frameworks;
			sourceTree = "<group>";
		};
/* End PBXGroup section */

/* Begin PBXNativeTarget section */
		1B07966A210578C60095FFAC /* Secure Run */ = {
			isa = PBXNativeTarget;
			buildConfigurationList = 1B079680210578C70095FFAC /* Build configuration list for PBXNativeTarget "Secure Run" */;
			buildPhases = (
				1B079667210578C60095FFAC /* Sources */,
				1B079668210578C60095FFAC /* Frameworks */,
				1B079669210578C60095FFAC /* Resources */,
			);
			buildRules = (
			);
			dependencies = (
			);
			name = "Secure Run";
			productName = "Secure Run";
			productReference = 1B07966B210578C60095FFAC /* Secure Run.app */;
			productType = "com.apple.product-type.application";
		};
/* End PBXNativeTarget section */

/* Begin PBXProject section */
		1B079663210578C60095FFAC /* Project object */ = {
			isa = PBXProject;
			attributes = {
				LastSwiftUpdateCheck = 0940;
				LastUpgradeCheck = 0940;
				ORGANIZATIONNAME = "David Lang";
				TargetAttributes = {
					1B07966A210578C60095FFAC = {
						CreatedOnToolsVersion = 9.4.1;
						SystemCapabilities = {
							com.apple.BackgroundModes = {
								enabled = 1;
							};
							com.apple.Maps.iOS = {
								enabled = 0;
							};
						};
					};
				};
			};
			buildConfigurationList = 1B079666210578C60095FFAC /* Build configuration list for PBXProject "Secure Run" */;
			compatibilityVersion = "Xcode 9.3";
			developmentRegion = en;
			hasScannedForEncodings = 0;
			knownRegions = (
				en,
				Base,
			);
			mainGroup = 1B079662210578C60095FFAC;
			productRefGroup = 1B07966C210578C60095FFAC /* Products */;
			projectDirPath = "";
			projectRoot = "";
			targets = (
				1B07966A210578C60095FFAC /* Secure Run */,
			);
		};
/* End PBXProject section */

/* Begin PBXResourcesBuildPhase section */
		1B079669210578C60095FFAC /* Resources */ = {
			isa = PBXResourcesBuildPhase;
			buildActionMask = 2147483647;
			files = (
				1B07967C210578C70095FFAC /* LaunchScreen.storyboard in Resources */,
				1B079679210578C70095FFAC /* Assets.xcassets in Resources */,
				1B079674210578C60095FFAC /* Main.storyboard in Resources */,
			);
			runOnlyForDeploymentPostprocessing = 0;
		};
/* End PBXResourcesBuildPhase section */

/* Begin PBXSourcesBuildPhase section */
		1B079667210578C60095FFAC /* Sources */ = {
			isa = PBXSourcesBuildPhase;
			buildActionMask = 2147483647;
			files = (
				1B07968B210819980095FFAC /* CoreDataStack.swift in Sources */,
				1B079697210820D50095FFAC /* UnitExtensions.swift in Sources */,
				1B079671210578C60095FFAC /* ViewController.swift in Sources */,
				1B07968E210819D90095FFAC /* SecureRun.xcdatamodeld in Sources */,
				1B07966F210578C60095FFAC /* AppDelegate.swift in Sources */,
				1B0796882107E7A30095FFAC /* VoiceSettingsViewController.swift in Sources */,
				1B07968421066EF60095FFAC /* ConfigViewController.swift in Sources */,
				1B0796862107965F0095FFAC /* SettingsViewController.swift in Sources */,
				1B079677210578C60095FFAC /* Secure_Run.xcdatamodeld in Sources */,
				1B079695210820790095FFAC /* LocationManager.swift in Sources */,
				1B079699210821210095FFAC /* FormatDisplay.swift in Sources */,
			);
			runOnlyForDeploymentPostprocessing = 0;
		};
/* End PBXSourcesBuildPhase section */

/* Begin PBXVariantGroup section */
		1B079672210578C60095FFAC /* Main.storyboard */ = {
			isa = PBXVariantGroup;
			children = (
				1B079673210578C60095FFAC /* Base */,
			);
			name = Main.storyboard;
			sourceTree = "<group>";
		};
		1B07967A210578C70095FFAC /* LaunchScreen.storyboard */ = {
			isa = PBXVariantGroup;
			children = (
				1B07967B210578C70095FFAC /* Base */,
			);
			name = LaunchScreen.storyboard;
			sourceTree = "<group>";
		};
/* End PBXVariantGroup section */

/* Begin XCBuildConfiguration section */
		1B07967E210578C70095FFAC /* Debug */ = {
			isa = XCBuildConfiguration;
			buildSettings = {
				ALWAYS_SEARCH_USER_PATHS = NO;
				CLANG_ANALYZER_NONNULL = YES;
				CLANG_ANALYZER_NUMBER_OBJECT_CONVERSION = YES_AGGRESSIVE;
				CLANG_CXX_LANGUAGE_STANDARD = "gnu++14";
				CLANG_CXX_LIBRARY = "libc++";
				CLANG_ENABLE_MODULES = YES;
				CLANG_ENABLE_OBJC_ARC = YES;
				CLANG_ENABLE_OBJC_WEAK = YES;
				CLANG_WARN_BLOCK_CAPTURE_AUTORELEASING = YES;
				CLANG_WARN_BOOL_CONVERSION = YES;
				CLANG_WARN_COMMA = YES;
				CLANG_WARN_CONSTANT_CONVERSION = YES;
				CLANG_WARN_DEPRECATED_OBJC_IMPLEMENTATIONS = YES;
				CLANG_WARN_DIRECT_OBJC_ISA_USAGE = YES_ERROR;
				CLANG_WARN_DOCUMENTATION_COMMENTS = YES;
				CLANG_WARN_EMPTY_BODY = YES;
				CLANG_WARN_ENUM_CONVERSION = YES;
				CLANG_WARN_INFINITE_RECURSION = YES;
				CLANG_WARN_INT_CONVERSION = YES;
				CLANG_WARN_NON_LITERAL_NULL_CONVERSION = YES;
				CLANG_WARN_OBJC_IMPLICIT_RETAIN_SELF = YES;
				CLANG_WARN_OBJC_LITERAL_CONVERSION = YES;
				CLANG_WARN_OBJC_ROOT_CLASS = YES_ERROR;
				CLANG_WARN_RANGE_LOOP_ANALYSIS = YES;
				CLANG_WARN_STRICT_PROTOTYPES = YES;
				CLANG_WARN_SUSPICIOUS_MOVE = YES;
				CLANG_WARN_UNGUARDED_AVAILABILITY = YES_AGGRESSIVE;
				CLANG_WARN_UNREACHABLE_CODE = YES;
				CLANG_WARN__DUPLICATE_METHOD_MATCH = YES;
				CODE_SIGN_IDENTITY = "iPhone Developer";
				COPY_PHASE_STRIP = NO;
				DEBUG_INFORMATION_FORMAT = dwarf;
				ENABLE_STRICT_OBJC_MSGSEND = YES;
				ENABLE_TESTABILITY = YES;
				GCC_C_LANGUAGE_STANDARD = gnu11;
				GCC_DYNAMIC_NO_PIC = NO;
				GCC_NO_COMMON_BLOCKS = YES;
				GCC_OPTIMIZATION_LEVEL = 0;
				GCC_PREPROCESSOR_DEFINITIONS = (
					"DEBUG=1",
					"$(inherited)",
				);
				GCC_WARN_64_TO_32_BIT_CONVERSION = YES;
				GCC_WARN_ABOUT_RETURN_TYPE = YES_ERROR;
				GCC_WARN_UNDECLARED_SELECTOR = YES;
				GCC_WARN_UNINITIALIZED_AUTOS = YES_AGGRESSIVE;
				GCC_WARN_UNUSED_FUNCTION = YES;
				GCC_WARN_UNUSED_VARIABLE = YES;
				IPHONEOS_DEPLOYMENT_TARGET = 11.4;
				MTL_ENABLE_DEBUG_INFO = YES;
				ONLY_ACTIVE_ARCH = YES;
				SDKROOT = iphoneos;
				SWIFT_ACTIVE_COMPILATION_CONDITIONS = DEBUG;
				SWIFT_OPTIMIZATION_LEVEL = "-Onone";
			};
			name = Debug;
		};
		1B07967F210578C70095FFAC /* Release */ = {
			isa = XCBuildConfiguration;
			buildSettings = {
				ALWAYS_SEARCH_USER_PATHS = NO;
				CLANG_ANALYZER_NONNULL = YES;
				CLANG_ANALYZER_NUMBER_OBJECT_CONVERSION = YES_AGGRESSIVE;
				CLANG_CXX_LANGUAGE_STANDARD = "gnu++14";
				CLANG_CXX_LIBRARY = "libc++";
				CLANG_ENABLE_MODULES = YES;
				CLANG_ENABLE_OBJC_ARC = YES;
				CLANG_ENABLE_OBJC_WEAK = YES;
				CLANG_WARN_BLOCK_CAPTURE_AUTORELEASING = YES;
				CLANG_WARN_BOOL_CONVERSION = YES;
				CLANG_WARN_COMMA = YES;
				CLANG_WARN_CONSTANT_CONVERSION = YES;
				CLANG_WARN_DEPRECATED_OBJC_IMPLEMENTATIONS = YES;
				CLANG_WARN_DIRECT_OBJC_ISA_USAGE = YES_ERROR;
				CLANG_WARN_DOCUMENTATION_COMMENTS = YES;
				CLANG_WARN_EMPTY_BODY = YES;
				CLANG_WARN_ENUM_CONVERSION = YES;
				CLANG_WARN_INFINITE_RECURSION = YES;
				CLANG_WARN_INT_CONVERSION = YES;
				CLANG_WARN_NON_LITERAL_NULL_CONVERSION = YES;
				CLANG_WARN_OBJC_IMPLICIT_RETAIN_SELF = YES;
				CLANG_WARN_OBJC_LITERAL_CONVERSION = YES;
				CLANG_WARN_OBJC_ROOT_CLASS = YES_ERROR;
				CLANG_WARN_RANGE_LOOP_ANALYSIS = YES;
				CLANG_WARN_STRICT_PROTOTYPES = YES;
				CLANG_WARN_SUSPICIOUS_MOVE = YES;
				CLANG_WARN_UNGUARDED_AVAILABILITY = YES_AGGRESSIVE;
				CLANG_WARN_UNREACHABLE_CODE = YES;
				CLANG_WARN__DUPLICATE_METHOD_MATCH = YES;
				CODE_SIGN_IDENTITY = "iPhone Developer";
				COPY_PHASE_STRIP = NO;
				DEBUG_INFORMATION_FORMAT = "dwarf-with-dsym";
				ENABLE_NS_ASSERTIONS = NO;
				ENABLE_STRICT_OBJC_MSGSEND = YES;
				GCC_C_LANGUAGE_STANDARD = gnu11;
				GCC_NO_COMMON_BLOCKS = YES;
				GCC_WARN_64_TO_32_BIT_CONVERSION = YES;
				GCC_WARN_ABOUT_RETURN_TYPE = YES_ERROR;
				GCC_WARN_UNDECLARED_SELECTOR = YES;
				GCC_WARN_UNINITIALIZED_AUTOS = YES_AGGRESSIVE;
				GCC_WARN_UNUSED_FUNCTION = YES;
				GCC_WARN_UNUSED_VARIABLE = YES;
				IPHONEOS_DEPLOYMENT_TARGET = 11.4;
				MTL_ENABLE_DEBUG_INFO = NO;
				SDKROOT = iphoneos;
				SWIFT_COMPILATION_MODE = wholemodule;
				SWIFT_OPTIMIZATION_LEVEL = "-O";
				VALIDATE_PRODUCT = YES;
			};
			name = Release;
		};
		1B079681210578C70095FFAC /* Debug */ = {
			isa = XCBuildConfiguration;
			buildSettings = {
				ASSETCATALOG_COMPILER_APPICON_NAME = AppIcon;
				CODE_SIGN_STYLE = Automatic;
				DEVELOPMENT_TEAM = 7AR6LWAY36;
				INFOPLIST_FILE = "Secure Run/Info.plist";
				LD_RUNPATH_SEARCH_PATHS = (
					"$(inherited)",
					"@executable_path/Frameworks",
				);
				PRODUCT_BUNDLE_IDENTIFIER = "com.agilityfittech.Secure-Run";
				PRODUCT_NAME = "$(TARGET_NAME)";
				SWIFT_VERSION = 4.0;
				TARGETED_DEVICE_FAMILY = "1,2";
			};
			name = Debug;
		};
		1B079682210578C70095FFAC /* Release */ = {
			isa = XCBuildConfiguration;
			buildSettings = {
				ASSETCATALOG_COMPILER_APPICON_NAME = AppIcon;
				CODE_SIGN_STYLE = Automatic;
				DEVELOPMENT_TEAM = 7AR6LWAY36;
				INFOPLIST_FILE = "Secure Run/Info.plist";
				LD_RUNPATH_SEARCH_PATHS = (
					"$(inherited)",
					"@executable_path/Frameworks",
				);
				PRODUCT_BUNDLE_IDENTIFIER = "com.agilityfittech.Secure-Run";
				PRODUCT_NAME = "$(TARGET_NAME)";
				SWIFT_VERSION = 4.0;
				TARGETED_DEVICE_FAMILY = "1,2";
			};
			name = Release;
		};
/* End XCBuildConfiguration section */

/* Begin XCConfigurationList section */
		1B079666210578C60095FFAC /* Build configuration list for PBXProject "Secure Run" */ = {
			isa = XCConfigurationList;
			buildConfigurations = (
				1B07967E210578C70095FFAC /* Debug */,
				1B07967F210578C70095FFAC /* Release */,
			);
			defaultConfigurationIsVisible = 0;
			defaultConfigurationName = Release;
		};
		1B079680210578C70095FFAC /* Build configuration list for PBXNativeTarget "Secure Run" */ = {
			isa = XCConfigurationList;
			buildConfigurations = (
				1B079681210578C70095FFAC /* Debug */,
				1B079682210578C70095FFAC /* Release */,
			);
			defaultConfigurationIsVisible = 0;
			defaultConfigurationName = Release;
		};
/* End XCConfigurationList section */

/* Begin XCVersionGroup section */
		1B079675210578C60095FFAC /* Secure_Run.xcdatamodeld */ = {
			isa = XCVersionGroup;
			children = (
				1B079676210578C60095FFAC /* Secure_Run.xcdatamodel */,
			);
			currentVersion = 1B079676210578C60095FFAC /* Secure_Run.xcdatamodel */;
			path = Secure_Run.xcdatamodeld;
			sourceTree = "<group>";
			versionGroupType = wrapper.xcdatamodel;
		};
		1B07968C210819D90095FFAC /* SecureRun.xcdatamodeld */ = {
			isa = XCVersionGroup;
			children = (
				1B07968D210819D90095FFAC /* SecureRun.xcdatamodel */,
			);
			currentVersion = 1B07968D210819D90095FFAC /* SecureRun.xcdatamodel */;
			path = SecureRun.xcdatamodeld;
			sourceTree = "<group>";
			versionGroupType = wrapper.xcdatamodel;
		};
/* End XCVersionGroup section */
	};
	rootObject = 1B079663210578C60095FFAC /* Project object */;
}
